{
  "name": "picassojs-data",
  "version": "1.0.0",
  "lockfileVersion": 1,
  "requires": true,
  "dependencies": {
    "leonardo-ui": {
      "version": "1.7.1",
      "resolved": "https://registry.npmjs.org/leonardo-ui/-/leonardo-ui-1.7.1.tgz",
      "integrity": "sha512-U7slRdyj9Kqjmp3WsqFtuaxiLgKkI83Gv2XXuEilsFwH7cERShRyP4Aoepz95nq+SR5v9qnlXTYwEFPeHzjmDg=="
    }
  }
}
